
Microsoft Visual Studio Solution File, Format Version 12.00
# Visual Studio 14
VisualStudioVersion = 14.0.25420.1
MinimumVisualStudioVersion = 10.0.40219.1
Project("{FAE04EC0-301F-11D3-BF4B-00C04F79EFBC}") = "Sure.Quartz.NET.Web", "Sure.Quartz.NET.Web\Sure.Quartz.NET.Web.csproj", "{1EA419C4-5582-4D0C-B8AC-B7F7C45F85F0}"
EndProject
Project("{FAE04EC0-301F-11D3-BF4B-00C04F79EFBC}") = "Sure.Quartz.NET.RemoteServer", "Sure.Quartz.NET.RemoteServer\Sure.Quartz.NET.RemoteServer.csproj", "{E8372F11-A00C-495A-B001-36196670B6BB}"
EndProject
Project("{FAE04EC0-301F-11D3-BF4B-00C04F79EFBC}") = "Quartz", "Quartz\Quartz.csproj", "{AEF8823B-E45B-4B35-A4D0-C08C1196D017}"
EndProject
Project("{FAE04EC0-301F-11D3-BF4B-00C04F79EFBC}") = "Sure.Quartz.NET.Model", "Sure.Quartz.NET.Model\Sure.Quartz.NET.Model.csproj", "{60525023-4395-46AC-B949-3FDBDB947126}"
EndProject
Project("{FAE04EC0-301F-11D3-BF4B-00C04F79EFBC}") = "Sure.Quartz.NET.Repository", "Sure.Quartz.NET.Repository\Sure.Quartz.NET.Repository.csproj", "{5E69EC64-40BB-42E0-9C90-68D56A420616}"
EndProject
Project("{FAE04EC0-301F-11D3-BF4B-00C04F79EFBC}") = "Sure.Quartz.NET.IRepository", "Sure.Quartz.NET.IRepository\Sure.Quartz.NET.IRepository.csproj", "{D5C339BA-64E8-41BD-B45B-02317F5E1AF8}"
EndProject
Project("{FAE04EC0-301F-11D3-BF4B-00C04F79EFBC}") = "Sure.Quartz.NET.EFBase", "Sure.Quartz.NET.EFBase\Sure.Quartz.NET.EFBase.csproj", "{F617121A-7624-4004-86C9-BCE8B2F5DB58}"
EndProject
Global
	GlobalSection(SolutionConfigurationPlatforms) = preSolution
		Debug|Any CPU = Debug|Any CPU
		Release|Any CPU = Release|Any CPU
	EndGlobalSection
	GlobalSection(ProjectConfigurationPlatforms) = postSolution
		{1EA419C4-5582-4D0C-B8AC-B7F7C45F85F0}.Debug|Any CPU.ActiveCfg = Debug|Any CPU
		{1EA419C4-5582-4D0C-B8AC-B7F7C45F85F0}.Debug|Any CPU.Build.0 = Debug|Any CPU
		{1EA419C4-5582-4D0C-B8AC-B7F7C45F85F0}.Release|Any CPU.ActiveCfg = Release|Any CPU
		{1EA419C4-5582-4D0C-B8AC-B7F7C45F85F0}.Release|Any CPU.Build.0 = Release|Any CPU
		{E8372F11-A00C-495A-B001-36196670B6BB}.Debug|Any CPU.ActiveCfg = Debug|Any CPU
		{E8372F11-A00C-495A-B001-36196670B6BB}.Debug|Any CPU.Build.0 = Debug|Any CPU
		{E8372F11-A00C-495A-B001-36196670B6BB}.Release|Any CPU.ActiveCfg = Release|Any CPU
		{E8372F11-A00C-495A-B001-36196670B6BB}.Release|Any CPU.Build.0 = Release|Any CPU
		{AEF8823B-E45B-4B35-A4D0-C08C1196D017}.Debug|Any CPU.ActiveCfg = Debug|Any CPU
		{AEF8823B-E45B-4B35-A4D0-C08C1196D017}.Debug|Any CPU.Build.0 = Debug|Any CPU
		{AEF8823B-E45B-4B35-A4D0-C08C1196D017}.Release|Any CPU.ActiveCfg = Release|Any CPU
		{AEF8823B-E45B-4B35-A4D0-C08C1196D017}.Release|Any CPU.Build.0 = Release|Any CPU
		{60525023-4395-46AC-B949-3FDBDB947126}.Debug|Any CPU.ActiveCfg = Debug|Any CPU
		{60525023-4395-46AC-B949-3FDBDB947126}.Debug|Any CPU.Build.0 = Debug|Any CPU
		{60525023-4395-46AC-B949-3FDBDB947126}.Release|Any CPU.ActiveCfg = Release|Any CPU
		{60525023-4395-46AC-B949-3FDBDB947126}.Release|Any CPU.Build.0 = Release|Any CPU
		{5E69EC64-40BB-42E0-9C90-68D56A420616}.Debug|Any CPU.ActiveCfg = Debug|Any CPU
		{5E69EC64-40BB-42E0-9C90-68D56A420616}.Debug|Any CPU.Build.0 = Debug|Any CPU
		{5E69EC64-40BB-42E0-9C90-68D56A420616}.Release|Any CPU.ActiveCfg = Release|Any CPU
		{5E69EC64-40BB-42E0-9C90-68D56A420616}.Release|Any CPU.Build.0 = Release|Any CPU
		{D5C339BA-64E8-41BD-B45B-02317F5E1AF8}.Debug|Any CPU.ActiveCfg = Debug|Any CPU
		{D5C339BA-64E8-41BD-B45B-02317F5E1AF8}.Debug|Any CPU.Build.0 = Debug|Any CPU
		{D5C339BA-64E8-41BD-B45B-02317F5E1AF8}.Release|Any CPU.ActiveCfg = Release|Any CPU
		{D5C339BA-64E8-41BD-B45B-02317F5E1AF8}.Release|Any CPU.Build.0 = Release|Any CPU
		{F617121A-7624-4004-86C9-BCE8B2F5DB58}.Debug|Any CPU.ActiveCfg = Debug|Any CPU
		{F617121A-7624-4004-86C9-BCE8B2F5DB58}.Debug|Any CPU.Build.0 = Debug|Any CPU
		{F617121A-7624-4004-86C9-BCE8B2F5DB58}.Release|Any CPU.ActiveCfg = Release|Any CPU
		{F617121A-7624-4004-86C9-BCE8B2F5DB58}.Release|Any CPU.Build.0 = Release|Any CPU
	EndGlobalSection
	GlobalSection(SolutionProperties) = preSolution
		HideSolutionNode = FALSE
	EndGlobalSection
EndGlobal
